
Microsoft Visual Studio Solution File, Format Version 12.00
Project("{FAE04EC0-301F-11D3-BF4B-00C04F79EFBC}") = "WarGame.Api", "WarGame.Api\WarGame.Api.csproj", "{195827B1-DE33-4D4A-9658-ADEA0C444790}"
EndProject
Project("{FAE04EC0-301F-11D3-BF4B-00C04F79EFBC}") = "WarGame.Model", "WarGame.Model\WarGame.Model.csproj", "{6975844A-9283-4F66-B8A8-4DFF28F07DF1}"
EndProject
Project("{FAE04EC0-301F-11D3-BF4B-00C04F79EFBC}") = "WarGame.Domain", "WarGame.Domain\WarGame.Domain.csproj", "{C357F755-F2AE-47CC-A1E9-B47E313EEAD3}"
EndProject
Global
	GlobalSection(SolutionConfigurationPlatforms) = preSolution
		Debug|Any CPU = Debug|Any CPU
		Release|Any CPU = Release|Any CPU
	EndGlobalSection
	GlobalSection(ProjectConfigurationPlatforms) = postSolution
		{195827B1-DE33-4D4A-9658-ADEA0C444790}.Debug|Any CPU.ActiveCfg = Debug|Any CPU
		{195827B1-DE33-4D4A-9658-ADEA0C444790}.Debug|Any CPU.Build.0 = Debug|Any CPU
		{195827B1-DE33-4D4A-9658-ADEA0C444790}.Release|Any CPU.ActiveCfg = Release|Any CPU
		{195827B1-DE33-4D4A-9658-ADEA0C444790}.Release|Any CPU.Build.0 = Release|Any CPU
		{6975844A-9283-4F66-B8A8-4DFF28F07DF1}.Debug|Any CPU.ActiveCfg = Debug|Any CPU
		{6975844A-9283-4F66-B8A8-4DFF28F07DF1}.Debug|Any CPU.Build.0 = Debug|Any CPU
		{6975844A-9283-4F66-B8A8-4DFF28F07DF1}.Release|Any CPU.ActiveCfg = Release|Any CPU
		{6975844A-9283-4F66-B8A8-4DFF28F07DF1}.Release|Any CPU.Build.0 = Release|Any CPU
		{C357F755-F2AE-47CC-A1E9-B47E313EEAD3}.Debug|Any CPU.ActiveCfg = Debug|Any CPU
		{C357F755-F2AE-47CC-A1E9-B47E313EEAD3}.Debug|Any CPU.Build.0 = Debug|Any CPU
		{C357F755-F2AE-47CC-A1E9-B47E313EEAD3}.Release|Any CPU.ActiveCfg = Release|Any CPU
		{C357F755-F2AE-47CC-A1E9-B47E313EEAD3}.Release|Any CPU.Build.0 = Release|Any CPU
	EndGlobalSection
EndGlobal
